// !$*UTF8*$!
{
	archiveVersion = 1;
	classes = {
	};
	objectVersion = 50;
	objects = {

/* Begin PBXBuildFile section */
		16325EEB26FC53BE004559AE /* PointRandomization.swift in Sources */ = {isa = PBXBuildFile; fileRef = 16325EE826FC53BE004559AE /* PointRandomization.swift */; };
		16325EEC26FC53BE004559AE /* Colorful.swift in Sources */ = {isa = PBXBuildFile; fileRef = 16325EE926FC53BE004559AE /* Colorful.swift */; };
		16325EED26FC53BE004559AE /* ColorfulView.swift in Sources */ = {isa = PBXBuildFile; fileRef = 16325EEA26FC53BE004559AE /* ColorfulView.swift */; };
		16325EEF26FC53D9004559AE /* ColorfulDemo.swift in Sources */ = {isa = PBXBuildFile; fileRef = 16325EEE26FC53D9004559AE /* ColorfulDemo.swift */; };
		16325EF226FC5C9F004559AE /* SineWaveShape.swift in Sources */ = {isa = PBXBuildFile; fileRef = 16325EF126FC5C9F004559AE /* SineWaveShape.swift */; };
		16325EF426FC5CDD004559AE /* SineWaveShapeDemo.swift in Sources */ = {isa = PBXBuildFile; fileRef = 16325EF326FC5CDD004559AE /* SineWaveShapeDemo.swift */; };
		166A6B77268D812800B1B955 /* PopOverDemo.swift in Sources */ = {isa = PBXBuildFile; fileRef = 166A6B76268D812700B1B955 /* PopOverDemo.swift */; };
		166A6B79268D81F000B1B955 /* MenuDemo.swift in Sources */ = {isa = PBXBuildFile; fileRef = 166A6B78268D81F000B1B955 /* MenuDemo.swift */; };
		16AF993626F34D03007DA354 /* UIKitInSwiftUIDemo.swift in Sources */ = {isa = PBXBuildFile; fileRef = 16AF993526F34D03007DA354 /* UIKitInSwiftUIDemo.swift */; };
		212B6AD4231C11610013AD90 /* ButtonDemo.swift in Sources */ = {isa = PBXBuildFile; fileRef = 212B6AD3231C11610013AD90 /* ButtonDemo.swift */; };
		212B6AF6231EBC5F0013AD90 /* TextFieldDemo.swift in Sources */ = {isa = PBXBuildFile; fileRef = 212B6AF5231EBC5F0013AD90 /* TextFieldDemo.swift */; };
		212B6AF82320018B0013AD90 /* ListDemo.swift in Sources */ = {isa = PBXBuildFile; fileRef = 212B6AF72320018B0013AD90 /* ListDemo.swift */; };
		212B6AFA23200E6A0013AD90 /* SliderDemo.swift in Sources */ = {isa = PBXBuildFile; fileRef = 212B6AF923200E6A0013AD90 /* SliderDemo.swift */; };
		212B6AFC232163CD0013AD90 /* ActionSheetDemo.swift in Sources */ = {isa = PBXBuildFile; fileRef = 212B6AFB232163CD0013AD90 /* ActionSheetDemo.swift */; };
		212B6B462324A4580013AD90 /* NavigationViewDemo.swift in Sources */ = {isa = PBXBuildFile; fileRef = 212B6B452324A4580013AD90 /* NavigationViewDemo.swift */; };
		212B6B482324D6030013AD90 /* NavigationHiddenDemo.swift in Sources */ = {isa = PBXBuildFile; fileRef = 212B6B472324D6030013AD90 /* NavigationHiddenDemo.swift */; };
		212B6B4A2324E47D0013AD90 /* TabViewDemo.swift in Sources */ = {isa = PBXBuildFile; fileRef = 212B6B492324E47D0013AD90 /* TabViewDemo.swift */; };
		212B6B4C2324E93A0013AD90 /* StepperDemo.swift in Sources */ = {isa = PBXBuildFile; fileRef = 212B6B4B2324E93A0013AD90 /* StepperDemo.swift */; };
		212B6B502324F0F10013AD90 /* ToggleDemo.swift in Sources */ = {isa = PBXBuildFile; fileRef = 212B6B4F2324F0F10013AD90 /* ToggleDemo.swift */; };
		212B6B532324F42B0013AD90 /* PickerDemo.swift in Sources */ = {isa = PBXBuildFile; fileRef = 212B6B522324F42B0013AD90 /* PickerDemo.swift */; };
		213E9B2A231BD60D00CD2E4C /* ImageDemo.swift in Sources */ = {isa = PBXBuildFile; fileRef = 213E9B29231BD60D00CD2E4C /* ImageDemo.swift */; };
		214459D723371A9500F9FAF7 /* PhotoPicker.swift in Sources */ = {isa = PBXBuildFile; fileRef = 214459D623371A9500F9FAF7 /* PhotoPicker.swift */; };
		215CCFD42483B2B100D9463F /* SnapCarouselView.swift in Sources */ = {isa = PBXBuildFile; fileRef = 215CCFD32483B2B100D9463F /* SnapCarouselView.swift */; };
		216CC77F245426C000BCDF73 /* CoordinateSpace.swift in Sources */ = {isa = PBXBuildFile; fileRef = 216CC77E245426C000BCDF73 /* CoordinateSpace.swift */; };
		21AFC36A24251CD1008632BC /* SwiftUILab_PreferenceKey.swift in Sources */ = {isa = PBXBuildFile; fileRef = 21AFC36924251CD1008632BC /* SwiftUILab_PreferenceKey.swift */; };
		21BEB185232E1BE30056215A /* LoadDataFromNetworkDemo.swift in Sources */ = {isa = PBXBuildFile; fileRef = 21BEB184232E1BE30056215A /* LoadDataFromNetworkDemo.swift */; };
		21BEB18A232E1C430056215A /* LoadDataViewModel.swift in Sources */ = {isa = PBXBuildFile; fileRef = 21BEB189232E1C430056215A /* LoadDataViewModel.swift */; };
		21C1573524C2E9F4000926B1 /* ToolBarItemToolBarItemDemo.swift in Sources */ = {isa = PBXBuildFile; fileRef = 21C1573424C2E9F4000926B1 /* ToolBarItemToolBarItemDemo.swift */; };
		21C6836E2326BA0900F60667 /* LifeCycleDemo.swift in Sources */ = {isa = PBXBuildFile; fileRef = 21C6836D2326BA0900F60667 /* LifeCycleDemo.swift */; };
		21C683702327F63700F60667 /* GestureDemo.swift in Sources */ = {isa = PBXBuildFile; fileRef = 21C6836F2327F63700F60667 /* GestureDemo.swift */; };
		21C68372232801C500F60667 /* FormDemo.swift in Sources */ = {isa = PBXBuildFile; fileRef = 21C68371232801C500F60667 /* FormDemo.swift */; };
		21C6837423291A9A00F60667 /* ShapeDemo.swift in Sources */ = {isa = PBXBuildFile; fileRef = 21C6837323291A9A00F60667 /* ShapeDemo.swift */; };
		21E8523823158F140093BCDF /* AppDelegate.swift in Sources */ = {isa = PBXBuildFile; fileRef = 21E8523723158F140093BCDF /* AppDelegate.swift */; };
		21E8523A23158F140093BCDF /* SceneDelegate.swift in Sources */ = {isa = PBXBuildFile; fileRef = 21E8523923158F140093BCDF /* SceneDelegate.swift */; };
		21E8523C23158F140093BCDF /* ContentView.swift in Sources */ = {isa = PBXBuildFile; fileRef = 21E8523B23158F140093BCDF /* ContentView.swift */; };
		21E8523E23158F160093BCDF /* Assets.xcassets in Resources */ = {isa = PBXBuildFile; fileRef = 21E8523D23158F160093BCDF /* Assets.xcassets */; };
		21E8524123158F160093BCDF /* Preview Assets.xcassets in Resources */ = {isa = PBXBuildFile; fileRef = 21E8524023158F160093BCDF /* Preview Assets.xcassets */; };
		21E8524423158F160093BCDF /* LaunchScreen.storyboard in Resources */ = {isa = PBXBuildFile; fileRef = 21E8524223158F160093BCDF /* LaunchScreen.storyboard */; };
		21E8524C2316CCD50093BCDF /* ContentViewModel.swift in Sources */ = {isa = PBXBuildFile; fileRef = 21E8524B2316CCD50093BCDF /* ContentViewModel.swift */; };
		21E8524F2316D0CA0093BCDF /* TextDemo.swift in Sources */ = {isa = PBXBuildFile; fileRef = 21E8524E2316D0CA0093BCDF /* TextDemo.swift */; };
		D5499DC52424D7B500C74D51 /* SwiftUILab_AnchorPreferences.swift in Sources */ = {isa = PBXBuildFile; fileRef = D5499DC42424D7B500C74D51 /* SwiftUILab_AnchorPreferences.swift */; };
/* End PBXBuildFile section */

/* Begin PBXFileReference section */
		16325EE826FC53BE004559AE /* PointRandomization.swift */ = {isa = PBXFileReference; fileEncoding = 4; lastKnownFileType = sourcecode.swift; path = PointRandomization.swift; sourceTree = "<group>"; };
		16325EE926FC53BE004559AE /* Colorful.swift */ = {isa = PBXFileReference; fileEncoding = 4; lastKnownFileType = sourcecode.swift; path = Colorful.swift; sourceTree = "<group>"; };
		16325EEA26FC53BE004559AE /* ColorfulView.swift */ = {isa = PBXFileReference; fileEncoding = 4; lastKnownFileType = sourcecode.swift; path = ColorfulView.swift; sourceTree = "<group>"; };
		16325EEE26FC53D9004559AE /* ColorfulDemo.swift */ = {isa = PBXFileReference; lastKnownFileType = sourcecode.swift; path = ColorfulDemo.swift; sourceTree = "<group>"; };
		16325EF126FC5C9F004559AE /* SineWaveShape.swift */ = {isa = PBXFileReference; fileEncoding = 4; lastKnownFileType = sourcecode.swift; path = SineWaveShape.swift; sourceTree = "<group>"; };
		16325EF326FC5CDD004559AE /* SineWaveShapeDemo.swift */ = {isa = PBXFileReference; lastKnownFileType = sourcecode.swift; path = SineWaveShapeDemo.swift; sourceTree = "<group>"; };
		166A6B76268D812700B1B955 /* PopOverDemo.swift */ = {isa = PBXFileReference; lastKnownFileType = sourcecode.swift; path = PopOverDemo.swift; sourceTree = "<group>"; };
		166A6B78268D81F000B1B955 /* MenuDemo.swift */ = {isa = PBXFileReference; lastKnownFileType = sourcecode.swift; path = MenuDemo.swift; sourceTree = "<group>"; };
		16AF993526F34D03007DA354 /* UIKitInSwiftUIDemo.swift */ = {isa = PBXFileReference; lastKnownFileType = sourcecode.swift; path = UIKitInSwiftUIDemo.swift; sourceTree = "<group>"; };
		212B6AD3231C11610013AD90 /* ButtonDemo.swift */ = {isa = PBXFileReference; lastKnownFileType = sourcecode.swift; path = ButtonDemo.swift; sourceTree = "<group>"; };
		212B6AF5231EBC5F0013AD90 /* TextFieldDemo.swift */ = {isa = PBXFileReference; lastKnownFileType = sourcecode.swift; path = TextFieldDemo.swift; sourceTree = "<group>"; };
		212B6AF72320018B0013AD90 /* ListDemo.swift */ = {isa = PBXFileReference; lastKnownFileType = sourcecode.swift; path = ListDemo.swift; sourceTree = "<group>"; };
		212B6AF923200E6A0013AD90 /* SliderDemo.swift */ = {isa = PBXFileReference; lastKnownFileType = sourcecode.swift; path = SliderDemo.swift; sourceTree = "<group>"; };
		212B6AFB232163CD0013AD90 /* ActionSheetDemo.swift */ = {isa = PBXFileReference; lastKnownFileType = sourcecode.swift; path = ActionSheetDemo.swift; sourceTree = "<group>"; };
		212B6B452324A4580013AD90 /* NavigationViewDemo.swift */ = {isa = PBXFileReference; lastKnownFileType = sourcecode.swift; path = NavigationViewDemo.swift; sourceTree = "<group>"; };
		212B6B472324D6030013AD90 /* NavigationHiddenDemo.swift */ = {isa = PBXFileReference; lastKnownFileType = sourcecode.swift; path = NavigationHiddenDemo.swift; sourceTree = "<group>"; };
		212B6B492324E47D0013AD90 /* TabViewDemo.swift */ = {isa = PBXFileReference; lastKnownFileType = sourcecode.swift; path = TabViewDemo.swift; sourceTree = "<group>"; };
		212B6B4B2324E93A0013AD90 /* StepperDemo.swift */ = {isa = PBXFileReference; lastKnownFileType = sourcecode.swift; path = StepperDemo.swift; sourceTree = "<group>"; };
		212B6B4F2324F0F10013AD90 /* ToggleDemo.swift */ = {isa = PBXFileReference; lastKnownFileType = sourcecode.swift; path = ToggleDemo.swift; sourceTree = "<group>"; };
		212B6B512324F3340013AD90 /* TODOS.h */ = {isa = PBXFileReference; lastKnownFileType = sourcecode.c.h; path = TODOS.h; sourceTree = "<group>"; };
		212B6B522324F42B0013AD90 /* PickerDemo.swift */ = {isa = PBXFileReference; lastKnownFileType = sourcecode.swift; path = PickerDemo.swift; sourceTree = "<group>"; };
		213E9B29231BD60D00CD2E4C /* ImageDemo.swift */ = {isa = PBXFileReference; lastKnownFileType = sourcecode.swift; path = ImageDemo.swift; sourceTree = "<group>"; };
		214459D623371A9500F9FAF7 /* PhotoPicker.swift */ = {isa = PBXFileReference; lastKnownFileType = sourcecode.swift; path = PhotoPicker.swift; sourceTree = "<group>"; };
		214459D823371C8200F9FAF7 /* SwiftUI-Usage.entitlements */ = {isa = PBXFileReference; lastKnownFileType = text.plist.entitlements; path = "SwiftUI-Usage.entitlements"; sourceTree = "<group>"; };
		215CCFD32483B2B100D9463F /* SnapCarouselView.swift */ = {isa = PBXFileReference; lastKnownFileType = sourcecode.swift; path = SnapCarouselView.swift; sourceTree = "<group>"; };
		216CC77E245426C000BCDF73 /* CoordinateSpace.swift */ = {isa = PBXFileReference; lastKnownFileType = sourcecode.swift; path = CoordinateSpace.swift; sourceTree = "<group>"; };
		21AFC36924251CD1008632BC /* SwiftUILab_PreferenceKey.swift */ = {isa = PBXFileReference; lastKnownFileType = sourcecode.swift; path = SwiftUILab_PreferenceKey.swift; sourceTree = "<group>"; };
		21BEB184232E1BE30056215A /* LoadDataFromNetworkDemo.swift */ = {isa = PBXFileReference; lastKnownFileType = sourcecode.swift; path = LoadDataFromNetworkDemo.swift; sourceTree = "<group>"; };
		21BEB189232E1C430056215A /* LoadDataViewModel.swift */ = {isa = PBXFileReference; lastKnownFileType = sourcecode.swift; path = LoadDataViewModel.swift; sourceTree = "<group>"; };
		21C1573424C2E9F4000926B1 /* ToolBarItemToolBarItemDemo.swift */ = {isa = PBXFileReference; lastKnownFileType = sourcecode.swift; path = ToolBarItemToolBarItemDemo.swift; sourceTree = "<group>"; };
		21C6836D2326BA0900F60667 /* LifeCycleDemo.swift */ = {isa = PBXFileReference; lastKnownFileType = sourcecode.swift; path = LifeCycleDemo.swift; sourceTree = "<group>"; };
		21C6836F2327F63700F60667 /* GestureDemo.swift */ = {isa = PBXFileReference; lastKnownFileType = sourcecode.swift; path = GestureDemo.swift; sourceTree = "<group>"; };
		21C68371232801C500F60667 /* FormDemo.swift */ = {isa = PBXFileReference; lastKnownFileType = sourcecode.swift; path = FormDemo.swift; sourceTree = "<group>"; };
		21C6837323291A9A00F60667 /* ShapeDemo.swift */ = {isa = PBXFileReference; lastKnownFileType = sourcecode.swift; path = ShapeDemo.swift; sourceTree = "<group>"; };
		21E8523423158F140093BCDF /* SwiftUI-Usage.app */ = {isa = PBXFileReference; explicitFileType = wrapper.application; includeInIndex = 0; path = "SwiftUI-Usage.app"; sourceTree = BUILT_PRODUCTS_DIR; };
		21E8523723158F140093BCDF /* AppDelegate.swift */ = {isa = PBXFileReference; lastKnownFileType = sourcecode.swift; path = AppDelegate.swift; sourceTree = "<group>"; };
		21E8523923158F140093BCDF /* SceneDelegate.swift */ = {isa = PBXFileReference; lastKnownFileType = sourcecode.swift; path = SceneDelegate.swift; sourceTree = "<group>"; };
		21E8523B23158F140093BCDF /* ContentView.swift */ = {isa = PBXFileReference; lastKnownFileType = sourcecode.swift; path = ContentView.swift; sourceTree = "<group>"; };
		21E8523D23158F160093BCDF /* Assets.xcassets */ = {isa = PBXFileReference; lastKnownFileType = folder.assetcatalog; path = Assets.xcassets; sourceTree = "<group>"; };
		21E8524023158F160093BCDF /* Preview Assets.xcassets */ = {isa = PBXFileReference; lastKnownFileType = folder.assetcatalog; path = "Preview Assets.xcassets"; sourceTree = "<group>"; };
		21E8524323158F160093BCDF /* Base */ = {isa = PBXFileReference; lastKnownFileType = file.storyboard; name = Base; path = Base.lproj/LaunchScreen.storyboard; sourceTree = "<group>"; };
		21E8524523158F160093BCDF /* Info.plist */ = {isa = PBXFileReference; lastKnownFileType = text.plist.xml; path = Info.plist; sourceTree = "<group>"; };
		21E8524B2316CCD50093BCDF /* ContentViewModel.swift */ = {isa = PBXFileReference; lastKnownFileType = sourcecode.swift; path = ContentViewModel.swift; sourceTree = "<group>"; };
		21E8524E2316D0CA0093BCDF /* TextDemo.swift */ = {isa = PBXFileReference; lastKnownFileType = sourcecode.swift; path = TextDemo.swift; sourceTree = "<group>"; };
		D5499DC42424D7B500C74D51 /* SwiftUILab_AnchorPreferences.swift */ = {isa = PBXFileReference; lastKnownFileType = sourcecode.swift; path = SwiftUILab_AnchorPreferences.swift; sourceTree = "<group>"; };
/* End PBXFileReference section */

/* Begin PBXFrameworksBuildPhase section */
		21E8523123158F140093BCDF /* Frameworks */ = {
			isa = PBXFrameworksBuildPhase;
			buildActionMask = 2147483647;
			files = (
			);
			runOnlyForDeploymentPostprocessing = 0;
		};
/* End PBXFrameworksBuildPhase section */

/* Begin PBXGroup section */
		16325EE726FC5391004559AE /* Colorful */ = {
			isa = PBXGroup;
			children = (
				16325EE926FC53BE004559AE /* Colorful.swift */,
				16325EEA26FC53BE004559AE /* ColorfulView.swift */,
				16325EE826FC53BE004559AE /* PointRandomization.swift */,
				16325EEE26FC53D9004559AE /* ColorfulDemo.swift */,
			);
			path = Colorful;
			sourceTree = "<group>";
		};
		16325EF026FC5C94004559AE /* SineWave */ = {
			isa = PBXGroup;
			children = (
				16325EF126FC5C9F004559AE /* SineWaveShape.swift */,
				16325EF326FC5CDD004559AE /* SineWaveShapeDemo.swift */,
			);
			path = SineWave;
			sourceTree = "<group>";
		};
		215CCFD22483B28F00D9463F /* Animation */ = {
			isa = PBXGroup;
			children = (
				215CCFD32483B2B100D9463F /* SnapCarouselView.swift */,
			);
			path = Animation;
			sourceTree = "<group>";
		};
		216CC77C2454268000BCDF73 /* HackingSwift */ = {
			isa = PBXGroup;
			children = (
				216CC77D2454269D00BCDF73 /* CoordinateSpace */,
			);
			path = HackingSwift;
			sourceTree = "<group>";
		};
		216CC77D2454269D00BCDF73 /* CoordinateSpace */ = {
			isa = PBXGroup;
			children = (
				216CC77E245426C000BCDF73 /* CoordinateSpace.swift */,
			);
			path = CoordinateSpace;
			sourceTree = "<group>";
		};
		21AFC36824251CA0008632BC /* PreferenceKey */ = {
			isa = PBXGroup;
			children = (
				21AFC36924251CD1008632BC /* SwiftUILab_PreferenceKey.swift */,
			);
			path = PreferenceKey;
			sourceTree = "<group>";
		};
		21BEB188232E1C190056215A /* viewModel */ = {
			isa = PBXGroup;
			children = (
				21BEB189232E1C430056215A /* LoadDataViewModel.swift */,
			);
			path = viewModel;
			sourceTree = "<group>";
		};
		21C6836C2326B9F500F60667 /* Others */ = {
			isa = PBXGroup;
			children = (
				21C6836D2326BA0900F60667 /* LifeCycleDemo.swift */,
				21C6836F2327F63700F60667 /* GestureDemo.swift */,
				21C6837323291A9A00F60667 /* ShapeDemo.swift */,
				21BEB184232E1BE30056215A /* LoadDataFromNetworkDemo.swift */,
				214459D623371A9500F9FAF7 /* PhotoPicker.swift */,
				21C1573424C2E9F4000926B1 /* ToolBarItemToolBarItemDemo.swift */,
				16AF993526F34D03007DA354 /* UIKitInSwiftUIDemo.swift */,
			);
			path = Others;
			sourceTree = "<group>";
		};
		21E8522B23158F140093BCDF = {
			isa = PBXGroup;
			children = (
				212B6B512324F3340013AD90 /* TODOS.h */,
				21E8523623158F140093BCDF /* SwiftUI-Usage */,
				21E8523523158F140093BCDF /* Products */,
			);
			sourceTree = "<group>";
		};
		21E8523523158F140093BCDF /* Products */ = {
			isa = PBXGroup;
			children = (
				21E8523423158F140093BCDF /* SwiftUI-Usage.app */,
			);
			name = Products;
			sourceTree = "<group>";
		};
		21E8523623158F140093BCDF /* SwiftUI-Usage */ = {
			isa = PBXGroup;
			children = (
				215CCFD22483B28F00D9463F /* Animation */,
				214459D823371C8200F9FAF7 /* SwiftUI-Usage.entitlements */,
				21BEB188232E1C190056215A /* viewModel */,
				21E8524D2316D08F0093BCDF /* UsageView */,
				21E8523723158F140093BCDF /* AppDelegate.swift */,
				21E8523923158F140093BCDF /* SceneDelegate.swift */,
				21E8523B23158F140093BCDF /* ContentView.swift */,
				21E8524B2316CCD50093BCDF /* ContentViewModel.swift */,
				21E8523D23158F160093BCDF /* Assets.xcassets */,
				21E8524223158F160093BCDF /* LaunchScreen.storyboard */,
				21E8524523158F160093BCDF /* Info.plist */,
				21E8523F23158F160093BCDF /* Preview Content */,
			);
			path = "SwiftUI-Usage";
			sourceTree = "<group>";
		};
		21E8523F23158F160093BCDF /* Preview Content */ = {
			isa = PBXGroup;
			children = (
				21E8524023158F160093BCDF /* Preview Assets.xcassets */,
			);
			path = "Preview Content";
			sourceTree = "<group>";
		};
		21E8524D2316D08F0093BCDF /* UsageView */ = {
			isa = PBXGroup;
			children = (
				16325EF026FC5C94004559AE /* SineWave */,
				16325EE726FC5391004559AE /* Colorful */,
				216CC77C2454268000BCDF73 /* HackingSwift */,
				D5499DC22424D77F00C74D51 /* SwiftUI-Lab */,
				21C6836C2326B9F500F60667 /* Others */,
				21E8524E2316D0CA0093BCDF /* TextDemo.swift */,
				213E9B29231BD60D00CD2E4C /* ImageDemo.swift */,
				212B6AD3231C11610013AD90 /* ButtonDemo.swift */,
				212B6AF5231EBC5F0013AD90 /* TextFieldDemo.swift */,
				212B6AF72320018B0013AD90 /* ListDemo.swift */,
				212B6AF923200E6A0013AD90 /* SliderDemo.swift */,
				212B6AFB232163CD0013AD90 /* ActionSheetDemo.swift */,
				212B6B452324A4580013AD90 /* NavigationViewDemo.swift */,
				212B6B472324D6030013AD90 /* NavigationHiddenDemo.swift */,
				212B6B492324E47D0013AD90 /* TabViewDemo.swift */,
				212B6B4B2324E93A0013AD90 /* StepperDemo.swift */,
				212B6B4F2324F0F10013AD90 /* ToggleDemo.swift */,
				212B6B522324F42B0013AD90 /* PickerDemo.swift */,
				21C68371232801C500F60667 /* FormDemo.swift */,
				166A6B76268D812700B1B955 /* PopOverDemo.swift */,
				166A6B78268D81F000B1B955 /* MenuDemo.swift */,
			);
			path = UsageView;
			sourceTree = "<group>";
		};
		D5499DC22424D77F00C74D51 /* SwiftUI-Lab */ = {
			isa = PBXGroup;
			children = (
				21AFC36824251CA0008632BC /* PreferenceKey */,
				D5499DC32424D79500C74D51 /* AnchorPreferences */,
			);
			path = "SwiftUI-Lab";
			sourceTree = "<group>";
		};
		D5499DC32424D79500C74D51 /* AnchorPreferences */ = {
			isa = PBXGroup;
			children = (
				D5499DC42424D7B500C74D51 /* SwiftUILab_AnchorPreferences.swift */,
			);
			path = AnchorPreferences;
			sourceTree = "<group>";
		};
/* End PBXGroup section */

/* Begin PBXNativeTarget section */
		21E8523323158F140093BCDF /* SwiftUI-Usage */ = {
			isa = PBXNativeTarget;
			buildConfigurationList = 21E8524823158F160093BCDF /* Build configuration list for PBXNativeTarget "SwiftUI-Usage" */;
			buildPhases = (
				21E8523023158F140093BCDF /* Sources */,
				21E8523123158F140093BCDF /* Frameworks */,
				21E8523223158F140093BCDF /* Resources */,
			);
			buildRules = (
			);
			dependencies = (
			);
			name = "SwiftUI-Usage";
			productName = "SwiftUI-Usage";
			productReference = 21E8523423158F140093BCDF /* SwiftUI-Usage.app */;
			productType = "com.apple.product-type.application";
		};
/* End PBXNativeTarget section */

/* Begin PBXProject section */
		21E8522C23158F140093BCDF /* Project object */ = {
			isa = PBXProject;
			attributes = {
				LastSwiftUpdateCheck = 1100;
				LastUpgradeCheck = 1100;
				ORGANIZATIONNAME = "Run Liao";
				TargetAttributes = {
					21E8523323158F140093BCDF = {
						CreatedOnToolsVersion = 11.0;
					};
				};
			};
			buildConfigurationList = 21E8522F23158F140093BCDF /* Build configuration list for PBXProject "SwiftUI-Usage" */;
			compatibilityVersion = "Xcode 9.3";
			developmentRegion = en;
			hasScannedForEncodings = 0;
			knownRegions = (
				en,
				Base,
			);
			mainGroup = 21E8522B23158F140093BCDF;
			productRefGroup = 21E8523523158F140093BCDF /* Products */;
			projectDirPath = "";
			projectRoot = "";
			targets = (
				21E8523323158F140093BCDF /* SwiftUI-Usage */,
			);
		};
/* End PBXProject section */

/* Begin PBXResourcesBuildPhase section */
		21E8523223158F140093BCDF /* Resources */ = {
			isa = PBXResourcesBuildPhase;
			buildActionMask = 2147483647;
			files = (
				21E8524423158F160093BCDF /* LaunchScreen.storyboard in Resources */,
				21E8524123158F160093BCDF /* Preview Assets.xcassets in Resources */,
				21E8523E23158F160093BCDF /* Assets.xcassets in Resources */,
			);
			runOnlyForDeploymentPostprocessing = 0;
		};
/* End PBXResourcesBuildPhase section */

/* Begin PBXSourcesBuildPhase section */
		21E8523023158F140093BCDF /* Sources */ = {
			isa = PBXSourcesBuildPhase;
			buildActionMask = 2147483647;
			files = (
				16AF993626F34D03007DA354 /* UIKitInSwiftUIDemo.swift in Sources */,
				21BEB18A232E1C430056215A /* LoadDataViewModel.swift in Sources */,
				213E9B2A231BD60D00CD2E4C /* ImageDemo.swift in Sources */,
				212B6AFA23200E6A0013AD90 /* SliderDemo.swift in Sources */,
				21C683702327F63700F60667 /* GestureDemo.swift in Sources */,
				215CCFD42483B2B100D9463F /* SnapCarouselView.swift in Sources */,
				212B6B502324F0F10013AD90 /* ToggleDemo.swift in Sources */,
				166A6B79268D81F000B1B955 /* MenuDemo.swift in Sources */,
				21E8524C2316CCD50093BCDF /* ContentViewModel.swift in Sources */,
				212B6AFC232163CD0013AD90 /* ActionSheetDemo.swift in Sources */,
				16325EF426FC5CDD004559AE /* SineWaveShapeDemo.swift in Sources */,
				21E8523823158F140093BCDF /* AppDelegate.swift in Sources */,
				D5499DC52424D7B500C74D51 /* SwiftUILab_AnchorPreferences.swift in Sources */,
				212B6B532324F42B0013AD90 /* PickerDemo.swift in Sources */,
				16325EEC26FC53BE004559AE /* Colorful.swift in Sources */,
				216CC77F245426C000BCDF73 /* CoordinateSpace.swift in Sources */,
				212B6AF82320018B0013AD90 /* ListDemo.swift in Sources */,
				21E8524F2316D0CA0093BCDF /* TextDemo.swift in Sources */,
				16325EEB26FC53BE004559AE /* PointRandomization.swift in Sources */,
				21C6837423291A9A00F60667 /* ShapeDemo.swift in Sources */,
				212B6AF6231EBC5F0013AD90 /* TextFieldDemo.swift in Sources */,
				21E8523A23158F140093BCDF /* SceneDelegate.swift in Sources */,
				21C6836E2326BA0900F60667 /* LifeCycleDemo.swift in Sources */,
				21C1573524C2E9F4000926B1 /* ToolBarItemToolBarItemDemo.swift in Sources */,
				21BEB185232E1BE30056215A /* LoadDataFromNetworkDemo.swift in Sources */,
				16325EF226FC5C9F004559AE /* SineWaveShape.swift in Sources */,
				16325EEF26FC53D9004559AE /* ColorfulDemo.swift in Sources */,
				212B6B482324D6030013AD90 /* NavigationHiddenDemo.swift in Sources */,
				16325EED26FC53BE004559AE /* ColorfulView.swift in Sources */,
				21C68372232801C500F60667 /* FormDemo.swift in Sources */,
				21E8523C23158F140093BCDF /* ContentView.swift in Sources */,
				212B6B462324A4580013AD90 /* NavigationViewDemo.swift in Sources */,
				214459D723371A9500F9FAF7 /* PhotoPicker.swift in Sources */,
				212B6AD4231C11610013AD90 /* ButtonDemo.swift in Sources */,
				166A6B77268D812800B1B955 /* PopOverDemo.swift in Sources */,
				212B6B4C2324E93A0013AD90 /* StepperDemo.swift in Sources */,
				21AFC36A24251CD1008632BC /* SwiftUILab_PreferenceKey.swift in Sources */,
				212B6B4A2324E47D0013AD90 /* TabViewDemo.swift in Sources */,
			);
			runOnlyForDeploymentPostprocessing = 0;
		};
/* End PBXSourcesBuildPhase section */

/* Begin PBXVariantGroup section */
		21E8524223158F160093BCDF /* LaunchScreen.storyboard */ = {
			isa = PBXVariantGroup;
			children = (
				21E8524323158F160093BCDF /* Base */,
			);
			name = LaunchScreen.storyboard;
			sourceTree = "<group>";
		};
/* End PBXVariantGroup section */

/* Begin XCBuildConfiguration section */
		21E8524623158F160093BCDF /* Debug */ = {
			isa = XCBuildConfiguration;
			buildSettings = {
				ALWAYS_SEARCH_USER_PATHS = NO;
				CLANG_ANALYZER_NONNULL = YES;
				CLANG_ANALYZER_NUMBER_OBJECT_CONVERSION = YES_AGGRESSIVE;
				CLANG_CXX_LANGUAGE_STANDARD = "gnu++14";
				CLANG_CXX_LIBRARY = "libc++";
				CLANG_ENABLE_MODULES = YES;
				CLANG_ENABLE_OBJC_ARC = YES;
				CLANG_ENABLE_OBJC_WEAK = YES;
				CLANG_WARN_BLOCK_CAPTURE_AUTORELEASING = YES;
				CLANG_WARN_BOOL_CONVERSION = YES;
				CLANG_WARN_COMMA = YES;
				CLANG_WARN_CONSTANT_CONVERSION = YES;
				CLANG_WARN_DEPRECATED_OBJC_IMPLEMENTATIONS = YES;
				CLANG_WARN_DIRECT_OBJC_ISA_USAGE = YES_ERROR;
				CLANG_WARN_DOCUMENTATION_COMMENTS = YES;
				CLANG_WARN_EMPTY_BODY = YES;
				CLANG_WARN_ENUM_CONVERSION = YES;
				CLANG_WARN_INFINITE_RECURSION = YES;
				CLANG_WARN_INT_CONVERSION = YES;
				CLANG_WARN_NON_LITERAL_NULL_CONVERSION = YES;
				CLANG_WARN_OBJC_IMPLICIT_RETAIN_SELF = YES;
				CLANG_WARN_OBJC_LITERAL_CONVERSION = YES;
				CLANG_WARN_OBJC_ROOT_CLASS = YES_ERROR;
				CLANG_WARN_RANGE_LOOP_ANALYSIS = YES;
				CLANG_WARN_STRICT_PROTOTYPES = YES;
				CLANG_WARN_SUSPICIOUS_MOVE = YES;
				CLANG_WARN_UNGUARDED_AVAILABILITY = YES_AGGRESSIVE;
				CLANG_WARN_UNREACHABLE_CODE = YES;
				CLANG_WARN__DUPLICATE_METHOD_MATCH = YES;
				COPY_PHASE_STRIP = NO;
				DEBUG_INFORMATION_FORMAT = dwarf;
				ENABLE_STRICT_OBJC_MSGSEND = YES;
				ENABLE_TESTABILITY = YES;
				GCC_C_LANGUAGE_STANDARD = gnu11;
				GCC_DYNAMIC_NO_PIC = NO;
				GCC_NO_COMMON_BLOCKS = YES;
				GCC_OPTIMIZATION_LEVEL = 0;
				GCC_PREPROCESSOR_DEFINITIONS = (
					"DEBUG=1",
					"$(inherited)",
				);
				GCC_WARN_64_TO_32_BIT_CONVERSION = YES;
				GCC_WARN_ABOUT_RETURN_TYPE = YES_ERROR;
				GCC_WARN_UNDECLARED_SELECTOR = YES;
				GCC_WARN_UNINITIALIZED_AUTOS = YES_AGGRESSIVE;
				GCC_WARN_UNUSED_FUNCTION = YES;
				GCC_WARN_UNUSED_VARIABLE = YES;
				IPHONEOS_DEPLOYMENT_TARGET = 13.0;
				MTL_ENABLE_DEBUG_INFO = INCLUDE_SOURCE;
				MTL_FAST_MATH = YES;
				ONLY_ACTIVE_ARCH = YES;
				SDKROOT = iphoneos;
				SWIFT_ACTIVE_COMPILATION_CONDITIONS = DEBUG;
				SWIFT_OPTIMIZATION_LEVEL = "-Onone";
			};
			name = Debug;
		};
		21E8524723158F160093BCDF /* Release */ = {
			isa = XCBuildConfiguration;
			buildSettings = {
				ALWAYS_SEARCH_USER_PATHS = NO;
				CLANG_ANALYZER_NONNULL = YES;
				CLANG_ANALYZER_NUMBER_OBJECT_CONVERSION = YES_AGGRESSIVE;
				CLANG_CXX_LANGUAGE_STANDARD = "gnu++14";
				CLANG_CXX_LIBRARY = "libc++";
				CLANG_ENABLE_MODULES = YES;
				CLANG_ENABLE_OBJC_ARC = YES;
				CLANG_ENABLE_OBJC_WEAK = YES;
				CLANG_WARN_BLOCK_CAPTURE_AUTORELEASING = YES;
				CLANG_WARN_BOOL_CONVERSION = YES;
				CLANG_WARN_COMMA = YES;
				CLANG_WARN_CONSTANT_CONVERSION = YES;
				CLANG_WARN_DEPRECATED_OBJC_IMPLEMENTATIONS = YES;
				CLANG_WARN_DIRECT_OBJC_ISA_USAGE = YES_ERROR;
				CLANG_WARN_DOCUMENTATION_COMMENTS = YES;
				CLANG_WARN_EMPTY_BODY = YES;
				CLANG_WARN_ENUM_CONVERSION = YES;
				CLANG_WARN_INFINITE_RECURSION = YES;
				CLANG_WARN_INT_CONVERSION = YES;
				CLANG_WARN_NON_LITERAL_NULL_CONVERSION = YES;
				CLANG_WARN_OBJC_IMPLICIT_RETAIN_SELF = YES;
				CLANG_WARN_OBJC_LITERAL_CONVERSION = YES;
				CLANG_WARN_OBJC_ROOT_CLASS = YES_ERROR;
				CLANG_WARN_RANGE_LOOP_ANALYSIS = YES;
				CLANG_WARN_STRICT_PROTOTYPES = YES;
				CLANG_WARN_SUSPICIOUS_MOVE = YES;
				CLANG_WARN_UNGUARDED_AVAILABILITY = YES_AGGRESSIVE;
				CLANG_WARN_UNREACHABLE_CODE = YES;
				CLANG_WARN__DUPLICATE_METHOD_MATCH = YES;
				COPY_PHASE_STRIP = NO;
				DEBUG_INFORMATION_FORMAT = "dwarf-with-dsym";
				ENABLE_NS_ASSERTIONS = NO;
				ENABLE_STRICT_OBJC_MSGSEND = YES;
				GCC_C_LANGUAGE_STANDARD = gnu11;
				GCC_NO_COMMON_BLOCKS = YES;
				GCC_WARN_64_TO_32_BIT_CONVERSION = YES;
				GCC_WARN_ABOUT_RETURN_TYPE = YES_ERROR;
				GCC_WARN_UNDECLARED_SELECTOR = YES;
				GCC_WARN_UNINITIALIZED_AUTOS = YES_AGGRESSIVE;
				GCC_WARN_UNUSED_FUNCTION = YES;
				GCC_WARN_UNUSED_VARIABLE = YES;
				IPHONEOS_DEPLOYMENT_TARGET = 13.0;
				MTL_ENABLE_DEBUG_INFO = NO;
				MTL_FAST_MATH = YES;
				SDKROOT = iphoneos;
				SWIFT_COMPILATION_MODE = wholemodule;
				SWIFT_OPTIMIZATION_LEVEL = "-O";
				VALIDATE_PRODUCT = YES;
			};
			name = Release;
		};
		21E8524923158F160093BCDF /* Debug */ = {
			isa = XCBuildConfiguration;
			buildSettings = {
				ASSETCATALOG_COMPILER_APPICON_NAME = AppIcon;
				CODE_SIGN_ENTITLEMENTS = "SwiftUI-Usage/SwiftUI-Usage.entitlements";
				CODE_SIGN_STYLE = Automatic;
				DERIVE_MACCATALYST_PRODUCT_BUNDLE_IDENTIFIER = YES;
				DEVELOPMENT_ASSET_PATHS = "SwiftUI-Usage/Preview\\ Content";
				DEVELOPMENT_TEAM = YG9MC8D2BK;
				ENABLE_PREVIEWS = YES;
				INFOPLIST_FILE = "SwiftUI-Usage/Info.plist";
				IPHONEOS_DEPLOYMENT_TARGET = 14.0;
				LD_RUNPATH_SEARCH_PATHS = (
					"$(inherited)",
					"@executable_path/Frameworks",
				);
				PRODUCT_BUNDLE_IDENTIFIER = "com.liaoworking.SwiftUI-Usage";
				PRODUCT_NAME = "$(TARGET_NAME)";
				SUPPORTS_MACCATALYST = YES;
				SWIFT_VERSION = 5.0;
				TARGETED_DEVICE_FAMILY = "1,2";
			};
			name = Debug;
		};
		21E8524A23158F160093BCDF /* Release */ = {
			isa = XCBuildConfiguration;
			buildSettings = {
				ASSETCATALOG_COMPILER_APPICON_NAME = AppIcon;
				CODE_SIGN_ENTITLEMENTS = "SwiftUI-Usage/SwiftUI-Usage.entitlements";
				CODE_SIGN_STYLE = Automatic;
				DERIVE_MACCATALYST_PRODUCT_BUNDLE_IDENTIFIER = YES;
				DEVELOPMENT_ASSET_PATHS = "SwiftUI-Usage/Preview\\ Content";
				DEVELOPMENT_TEAM = YG9MC8D2BK;
				ENABLE_PREVIEWS = YES;
				INFOPLIST_FILE = "SwiftUI-Usage/Info.plist";
				IPHONEOS_DEPLOYMENT_TARGET = 14.0;
				LD_RUNPATH_SEARCH_PATHS = (
					"$(inherited)",
					"@executable_path/Frameworks",
				);
				PRODUCT_BUNDLE_IDENTIFIER = "com.liaoworking.SwiftUI-Usage";
				PRODUCT_NAME = "$(TARGET_NAME)";
				SUPPORTS_MACCATALYST = YES;
				SWIFT_VERSION = 5.0;
				TARGETED_DEVICE_FAMILY = "1,2";
			};
			name = Release;
		};
/* End XCBuildConfiguration section */

/* Begin XCConfigurationList section */
		21E8522F23158F140093BCDF /* Build configuration list for PBXProject "SwiftUI-Usage" */ = {
			isa = XCConfigurationList;
			buildConfigurations = (
				21E8524623158F160093BCDF /* Debug */,
				21E8524723158F160093BCDF /* Release */,
			);
			defaultConfigurationIsVisible = 0;
			defaultConfigurationName = Release;
		};
		21E8524823158F160093BCDF /* Build configuration list for PBXNativeTarget "SwiftUI-Usage" */ = {
			isa = XCConfigurationList;
			buildConfigurations = (
				21E8524923158F160093BCDF /* Debug */,
				21E8524A23158F160093BCDF /* Release */,
			);
			defaultConfigurationIsVisible = 0;
			defaultConfigurationName = Release;
		};
/* End XCConfigurationList section */
	};
	rootObject = 21E8522C23158F140093BCDF /* Project object */;
}
